<Solution>
  <Configurations>
    <BuildType Name="Debug" />
    <BuildType Name="Development" />
    <BuildType Name="Release" />
    <Platform Name="x64" />
  </Configurations>
  <Project Path="Engine.vcxproj" Id="c043697b-c3ac-49e8-a365-30649d0cd2c9">
    <BuildType Solution="Debug|*" Project="Development" />
  </Project>
</Solution>
