<?xml version="1.0" encoding="utf-8"?>
<Project ToolsVersion="4.0" xmlns="http://schemas.microsoft.com/developer/msbuild/2003">
  <ItemGroup>
    <ClInclude Include="Source\Editor\editor.h">
      <Filter>Editor</Filter>
    </ClInclude>
    <ClInclude Include="Source\Runtime\Core\Math\Math.h">
      <Filter>Engine\Runtime\Core\Math</Filter>
    </ClInclude>
    <ClInclude Include="Source\Runtime\Core\Math\Matrix3x3.h">
      <Filter>Engine\Runtime\Core\Math</Filter>
    </ClInclude>
    <ClInclude Include="Source\Runtime\Core\Math\Matrix4x4.h">
      <Filter>Engine\Runtime\Core\Math</Filter>
    </ClInclude>
    <ClInclude Include="Source\Runtime\Core\Math\Quaternion.h">
      <Filter>Engine\Runtime\Core\Math</Filter>
    </ClInclude>
    <ClInclude Include="Source\Runtime\Core\Math\Random.h">
      <Filter>Engine\Runtime\Core\Math</Filter>
    </ClInclude>
    <ClInclude Include="Source\Runtime\Core\Math\Transform.h">
      <Filter>Engine\Runtime\Core\Math</Filter>
    </ClInclude>
    <ClInclude Include="Source\Runtime\Core\Math\Vector4.h">
      <Filter>Engine\Runtime\Core\Math</Filter>
    </ClInclude>
    <ClInclude Include="Source\Runtime\Core\Math\Vector2.h">
      <Filter>Engine\Runtime\Core\Math</Filter>
    </ClInclude>
    <ClInclude Include="Source\Runtime\Core\Math\Vector3.h">
      <Filter>Engine\Runtime\Core\Math</Filter>
    </ClInclude>
    <ClInclude Include="Source\Runtime\EngineCore.h">
      <Filter>Engine\Runtime\Core</Filter>
    </ClInclude>
    <ClInclude Include="Source\Runtime\Core\Color\Color.h">
      <Filter>Engine\Runtime\Core\Color</Filter>
    </ClInclude>
    <ClInclude Include="Source\Runtime\Core\Utility\Hash.h">
      <Filter>Engine\Runtime\Core\Utility</Filter>
    </ClInclude>
    <ClInclude Include="Source\Runtime\Core\Utility\Utility.h">
      <Filter>Engine\Runtime\Core\Utility</Filter>
    </ClInclude>
    <ClInclude Include="Source\Runtime\Function\Input\Input.h">
      <Filter>Engine\Runtime\Function\Input</Filter>
    </ClInclude>
    <ClInclude Include="Source\Runtime\Function\Render\WindowManager.h">
      <Filter>Engine\Runtime\Function\Render</Filter>
    </ClInclude>
    <ClInclude Include="Source\Runtime\Function\Global\GlobalContext.h">
      <Filter>Engine\Runtime\Function\Global</Filter>
    </ClInclude>
    <ClInclude Include="External\imgui\GraphEditor.h">
      <Filter>External\imgui</Filter>
    </ClInclude>
    <ClInclude Include="External\imgui\imconfig.h">
      <Filter>External\imgui</Filter>
    </ClInclude>
    <ClInclude Include="External\imgui\ImCurveEdit.h">
      <Filter>External\imgui</Filter>
    </ClInclude>
    <ClInclude Include="External\imgui\ImGradient.h">
      <Filter>External\imgui</Filter>
    </ClInclude>
    <ClInclude Include="External\imgui\imgui.h">
      <Filter>External\imgui</Filter>
    </ClInclude>
    <ClInclude Include="External\imgui\imgui_impl_dx12.h">
      <Filter>External\imgui</Filter>
    </ClInclude>
    <ClInclude Include="External\imgui\imgui_impl_win32.h">
      <Filter>External\imgui</Filter>
    </ClInclude>
    <ClInclude Include="External\imgui\imgui_internal.h">
      <Filter>External\imgui</Filter>
    </ClInclude>
    <ClInclude Include="External\imgui\ImGuizmo.h">
      <Filter>External\imgui</Filter>
    </ClInclude>
    <ClInclude Include="External\imgui\ImSequencer.h">
      <Filter>External\imgui</Filter>
    </ClInclude>
    <ClInclude Include="External\imgui\imstb_rectpack.h">
      <Filter>External\imgui</Filter>
    </ClInclude>
    <ClInclude Include="External\imgui\imstb_textedit.h">
      <Filter>External\imgui</Filter>
    </ClInclude>
    <ClInclude Include="External\imgui\imstb_truetype.h">
      <Filter>External\imgui</Filter>
    </ClInclude>
    <ClInclude Include="External\imgui\ImZoomSlider.h">
      <Filter>External\imgui</Filter>
    </ClInclude>
    <ClInclude Include="Source\Runtime\Resource\Mesh.h">
      <Filter>Engine\Runtime\Resource</Filter>
    </ClInclude>
    <ClInclude Include="Source\Runtime\Resource\Texture.h">
      <Filter>Engine\Runtime\Resource</Filter>
    </ClInclude>
    <ClInclude Include="Source\Runtime\Platform\DirectX12\D3dUtility\d3dInclude.h">
      <Filter>Engine\Runtime\Platform\DirectX12</Filter>
    </ClInclude>
    <ClInclude Include="Source\Runtime\Core\LogSystem\LogSystem.h">
      <Filter>Engine\Runtime\Core\Log</Filter>
    </ClInclude>
    <ClInclude Include="Source\Runtime\Core\Math\BoundingBox.h">
      <Filter>Engine\Runtime\Function\Physics</Filter>
    </ClInclude>
    <ClInclude Include="Source\Runtime\Resource\TextureRef.h">
      <Filter>Engine\Runtime\Resource</Filter>
    </ClInclude>
    <ClInclude Include="Source\Runtime\Resource\TexUtil.h">
      <Filter>Engine\Runtime\Resource</Filter>
    </ClInclude>
    <ClInclude Include="Source\Runtime\Resource\Animation.h">
      <Filter>Engine\Runtime\Resource</Filter>
    </ClInclude>
    <ClInclude Include="Source\Runtime\Resource\Model.h">
      <Filter>Engine\Runtime\Resource</Filter>
    </ClInclude>
    <ClInclude Include="Source\Runtime\Function\Sprite\Sprite.h">
      <Filter>Engine\Runtime\Resource</Filter>
    </ClInclude>
    <ClInclude Include="Source\Runtime\Function\Sprite\SpriteCommon.h">
      <Filter>Engine\Runtime\Resource</Filter>
    </ClInclude>
    <ClInclude Include="Source\Runtime\Function\Camera\CameraBase.h">
      <Filter>Engine\Runtime\Function\Camera</Filter>
    </ClInclude>
    <ClInclude Include="Source\Runtime\Core\Math\BoundingPlane.h">
      <Filter>Engine\Runtime\Core\Math</Filter>
    </ClInclude>
    <ClInclude Include="Source\Runtime\Core\Math\BoundingSphere.h">
      <Filter>Engine\Runtime\Core\Math</Filter>
    </ClInclude>
    <ClInclude Include="Source\Runtime\Core\Math\Frustum.h">
      <Filter>Engine\Runtime\Core\Math</Filter>
    </ClInclude>
    <ClInclude Include="Source\Runtime\Core\Math\MathInclude.h">
      <Filter>Engine\Runtime\Core\Math</Filter>
    </ClInclude>
    <ClInclude Include="Source\Runtime\Function\Camera\CameraController.h">
      <Filter>Engine\Runtime\Function\Camera</Filter>
    </ClInclude>
    <ClInclude Include="Source\Runtime\Platform\DirectX12\Buffer\BufferManager.h">
      <Filter>Engine\Runtime\Platform\DirectX12\Buffer</Filter>
    </ClInclude>
    <ClInclude Include="Source\Runtime\Platform\DirectX12\Buffer\ColorBuffer.h">
      <Filter>Engine\Runtime\Platform\DirectX12\Buffer</Filter>
    </ClInclude>
    <ClInclude Include="Source\Runtime\Platform\DirectX12\Core\CommandAllocatorPool.h">
      <Filter>Engine\Runtime\Platform\DirectX12\Core</Filter>
    </ClInclude>
    <ClInclude Include="Source\Runtime\Platform\DirectX12\Context\CommandContext.h">
      <Filter>Engine\Runtime\Platform\DirectX12\Core</Filter>
    </ClInclude>
    <ClInclude Include="Source\Runtime\Platform\DirectX12\Core\CommandListManager.h">
      <Filter>Engine\Runtime\Platform\DirectX12\Core</Filter>
    </ClInclude>
    <ClInclude Include="Source\Runtime\Platform\DirectX12\Core\CommandSignature.h">
      <Filter>Engine\Runtime\Platform\DirectX12\Core</Filter>
    </ClInclude>
    <ClInclude Include="Source\Runtime\Platform\DirectX12\Context\ComputeContext.h">
      <Filter>Engine\Runtime\Platform\DirectX12\Core</Filter>
    </ClInclude>
    <ClInclude Include="Source\Runtime\Platform\DirectX12\Buffer\DepthBuffer.h">
      <Filter>Engine\Runtime\Platform\DirectX12\Buffer</Filter>
    </ClInclude>
    <ClInclude Include="Source\Runtime\Platform\DirectX12\Core\DescriptorAllocator.h">
      <Filter>Engine\Runtime\Platform\DirectX12\Core</Filter>
    </ClInclude>
    <ClInclude Include="Source\Runtime\Platform\DirectX12\Core\DescriptorHeap.h">
      <Filter>Engine\Runtime\Platform\DirectX12\Core</Filter>
    </ClInclude>
    <ClInclude Include="Source\Runtime\Platform\DirectX12\Core\DirectX12Core.h">
      <Filter>Engine\Runtime\Platform\DirectX12\Core</Filter>
    </ClInclude>
    <ClInclude Include="Source\Runtime\Platform\DirectX12\Core\DynamicDescriptorHeap.h">
      <Filter>Engine\Runtime\Platform\DirectX12\Core</Filter>
    </ClInclude>
    <ClInclude Include="Source\Runtime\Platform\DirectX12\Buffer\GpuBuffer.h">
      <Filter>Engine\Runtime\Platform\DirectX12\Buffer</Filter>
    </ClInclude>
    <ClInclude Include="Source\Runtime\Platform\DirectX12\Buffer\GpuResource.h">
      <Filter>Engine\Runtime\Platform\DirectX12\Buffer</Filter>
    </ClInclude>
    <ClInclude Include="Source\Runtime\Platform\DirectX12\Core\GraphicsCommon.h">
      <Filter>Engine\Runtime\Platform\DirectX12\Core</Filter>
    </ClInclude>
    <ClInclude Include="Source\Runtime\Platform\DirectX12\Context\GraphicsContext.h">
      <Filter>Engine\Runtime\Platform\DirectX12\Core</Filter>
    </ClInclude>
    <ClInclude Include="Source\Runtime\Platform\DirectX12\Core\LinearAllocator.h">
      <Filter>Engine\Runtime\Platform\DirectX12\Core</Filter>
    </ClInclude>
    <ClInclude Include="Source\Runtime\Platform\DirectX12\Pipline\PiplineState.h">
      <Filter>Engine\Runtime\Platform\DirectX12\Core</Filter>
    </ClInclude>
    <ClInclude Include="Source\Runtime\Platform\DirectX12\Core\SamplerManager.h">
      <Filter>Engine\Runtime\Platform\DirectX12\Core</Filter>
    </ClInclude>
    <ClInclude Include="Source\Runtime\Platform\DirectX12\Pipline\RootSignature.h">
      <Filter>Engine\Runtime\Platform\DirectX12\Core</Filter>
    </ClInclude>
    <ClInclude Include="Source\Runtime\Platform\DirectX12\Shader\ShaderCompiler.h">
      <Filter>Engine\Runtime\Platform\DirectX12\Core</Filter>
    </ClInclude>
    <ClInclude Include="Source\Runtime\Function\Render\RenderSystem.h">
      <Filter>Engine\Runtime\Platform\DirectX12\Core</Filter>
    </ClInclude>
    <ClInclude Include="Source\Runtime\Platform\DirectX12\Buffer\UploadBuffer.h">
      <Filter>Engine\Runtime\Platform\DirectX12\Buffer</Filter>
    </ClInclude>
    <ClInclude Include="Source\Runtime\Platform\DirectX12\Buffer\PixelBuffer.h">
      <Filter>Engine\Runtime\Platform\DirectX12\Buffer</Filter>
    </ClInclude>
    <ClInclude Include="Source\Runtime\Platform\DirectX12\Buffer\ReadbackBuffer.h">
      <Filter>Engine\Runtime\Platform\DirectX12\Buffer</Filter>
    </ClInclude>
    <ClInclude Include="Source\Runtime\Platform\DirectX12\Buffer\ShadowBuffer.h">
      <Filter>Engine\Runtime\Platform\DirectX12\Buffer</Filter>
    </ClInclude>
    <ClInclude Include="Source\Runtime\Application\GameApp.h">
      <Filter>Engine\Runtime\Application</Filter>
    </ClInclude>
    <ClInclude Include="Source\Runtime\Function\Framework\ECS\ECSCommon.h">
      <Filter>Engine\Runtime\Function\Framework\ECS</Filter>
    </ClInclude>
    <ClInclude Include="Source\Runtime\Function\Framework\ECS\World.h">
      <Filter>Engine\Runtime\Function\Framework\ECS</Filter>
    </ClInclude>
    <ClInclude Include="Source\Runtime\Function\Framework\ECS\GameObject.h">
      <Filter>Engine\Runtime\Function\Framework\ECS</Filter>
    </ClInclude>
    <ClInclude Include="Source\Game\Game.h">
      <Filter>Game</Filter>
    </ClInclude>
    <ClInclude Include="Source\Runtime\Function\Framework\Component\TransformComponent.h">
      <Filter>Engine\Runtime\Function\Framework\Component</Filter>
    </ClInclude>
    <ClInclude Include="Source\Runtime\Function\Render\RenderQueue.h">
      <Filter>Engine\Runtime\Function\Render</Filter>
    </ClInclude>
    <ClInclude Include="Source\Runtime\Function\Render\RenderPasses\RenderPass.h">
      <Filter>Engine\Runtime\Function\Render\RenderPasses</Filter>
    </ClInclude>
    <ClInclude Include="Source\Runtime\Function\Render\RenderPasses\RenderPassManager.h">
      <Filter>Engine\Runtime\Function\Render\RenderPasses</Filter>
    </ClInclude>
    <ClInclude Include="Source\Runtime\Function\Framework\Component\AnimatorComponent.h">
      <Filter>Engine\Runtime\Function\Framework\Component</Filter>
    </ClInclude>
    <ClInclude Include="Source\Runtime\Resource\AssetManager.h">
      <Filter>Engine\Runtime\Resource</Filter>
    </ClInclude>
    <ClInclude Include="Source\Runtime\Platform\DirectX12\Shader\LightData.h">
      <Filter>Engine\Runtime\Resource</Filter>
    </ClInclude>
    <ClInclude Include="Source\Runtime\Function\Light\LightManager.h">
      <Filter>Engine\Runtime\Resource</Filter>
    </ClInclude>
    <ClInclude Include="Source\Runtime\Platform\DirectX12\Shader\ConstantBufferStructures.h">
      <Filter>Engine\Runtime\Resource</Filter>
    </ClInclude>
    <ClInclude Include="Source\Runtime\Resource\ModelLoader.h">
      <Filter>Engine\Runtime\Resource</Filter>
    </ClInclude>
    <ClInclude Include="Source\Runtime\Resource\Material.h">
      <Filter>Engine\Runtime\Resource</Filter>
    </ClInclude>
    <ClInclude Include="Source\Runtime\Resource\Skeleton.h">
      <Filter>Engine\Runtime\Resource</Filter>
    </ClInclude>
    <ClInclude Include="Source\Editor\ImGuiCommon.h" />
    <ClInclude Include="Source\Runtime\Function\Camera\DebugCamera.h" />
    <ClInclude Include="Source\Runtime\Function\Framework\ECS\GUID.h" />
    <ClInclude Include="Source\Runtime\Function\Framework\Component\MeshComponent.h" />
    <ClInclude Include="Source\Runtime\Function\Render\SkyboxRenderer.h" />
    <ClInclude Include="Source\Runtime\Function\Camera\ShadowCamera.h" />
    <ClInclude Include="Source\Runtime\Function\Render\RenderPasses\ForwardRenderingPass.h" />
    <ClInclude Include="Source\Runtime\Function\Render\RenderPasses\RenderPassesInclude.h" />
  </ItemGroup>
  <ItemGroup>
    <ClCompile Include="Source\Editor\editor.cpp">
      <Filter>Editor</Filter>
    </ClCompile>
    <ClCompile Include="Source\Runtime\Core\Math\Math.cpp">
      <Filter>Engine\Runtime\Core\Math</Filter>
    </ClCompile>
    <ClCompile Include="Source\Runtime\Core\Math\Matrix3x3.cpp">
      <Filter>Engine\Runtime\Core\Math</Filter>
    </ClCompile>
    <ClCompile Include="Source\Runtime\Core\Math\Matrix4x4.cpp">
      <Filter>Engine\Runtime\Core\Math</Filter>
    </ClCompile>
    <ClCompile Include="Source\Runtime\Core\Math\Quaternion.cpp">
      <Filter>Engine\Runtime\Core\Math</Filter>
    </ClCompile>
    <ClCompile Include="Source\Runtime\Core\Math\Random.cpp">
      <Filter>Engine\Runtime\Core\Math</Filter>
    </ClCompile>
    <ClCompile Include="Source\Runtime\Core\Math\Vector2.cpp">
      <Filter>Engine\Runtime\Core\Math</Filter>
    </ClCompile>
    <ClCompile Include="Source\Runtime\Core\Math\Vector3.cpp">
      <Filter>Engine\Runtime\Core\Math</Filter>
    </ClCompile>
    <ClCompile Include="Source\Runtime\Core\Math\Vector4.cpp">
      <Filter>Engine\Runtime\Core\Math</Filter>
    </ClCompile>
    <ClCompile Include="Source\Runtime\EngineCore.cpp">
      <Filter>Engine\Runtime\Core</Filter>
    </ClCompile>
    <ClCompile Include="Source\Runtime\Core\Color\Color.cpp">
      <Filter>Engine\Runtime\Core\Color</Filter>
    </ClCompile>
    <ClCompile Include="Source\Runtime\Function\Input\Input.cpp">
      <Filter>Engine\Runtime\Function\Input</Filter>
    </ClCompile>
    <ClCompile Include="Source\Runtime\Function\Render\WindowManager.cpp">
      <Filter>Engine\Runtime\Function\Render</Filter>
    </ClCompile>
    <ClCompile Include="Source\Runtime\Function\Global\GlobalContext.cpp">
      <Filter>Engine\Runtime\Function\Global</Filter>
    </ClCompile>
    <ClCompile Include="External\imgui\GraphEditor.cpp">
      <Filter>External\imgui</Filter>
    </ClCompile>
    <ClCompile Include="External\imgui\ImCurveEdit.cpp">
      <Filter>External\imgui</Filter>
    </ClCompile>
    <ClCompile Include="External\imgui\ImGradient.cpp">
      <Filter>External\imgui</Filter>
    </ClCompile>
    <ClCompile Include="External\imgui\imgui.cpp">
      <Filter>External\imgui</Filter>
    </ClCompile>
    <ClCompile Include="External\imgui\imgui_demo.cpp">
      <Filter>External\imgui</Filter>
    </ClCompile>
    <ClCompile Include="External\imgui\imgui_draw.cpp">
      <Filter>External\imgui</Filter>
    </ClCompile>
    <ClCompile Include="External\imgui\imgui_impl_dx12.cpp">
      <Filter>External\imgui</Filter>
    </ClCompile>
    <ClCompile Include="External\imgui\imgui_impl_win32.cpp">
      <Filter>External\imgui</Filter>
    </ClCompile>
    <ClCompile Include="External\imgui\imgui_tables.cpp">
      <Filter>External\imgui</Filter>
    </ClCompile>
    <ClCompile Include="External\imgui\imgui_widgets.cpp">
      <Filter>External\imgui</Filter>
    </ClCompile>
    <ClCompile Include="External\imgui\ImGuizmo.cpp">
      <Filter>External\imgui</Filter>
    </ClCompile>
    <ClCompile Include="External\imgui\ImSequencer.cpp">
      <Filter>External\imgui</Filter>
    </ClCompile>
    <ClCompile Include="Source\Runtime\Resource\Texture.cpp">
      <Filter>Engine\Runtime\Resource</Filter>
    </ClCompile>
    <ClCompile Include="Source\Runtime\Core\Utility\Utility.cpp">
      <Filter>Engine\Runtime\Core\Utility</Filter>
    </ClCompile>
    <ClCompile Include="Source\Runtime\Core\LogSystem\LogSystem.cpp">
      <Filter>Engine\Runtime\Core\Log</Filter>
    </ClCompile>
    <ClCompile Include="Source\Runtime\Resource\TextureRef.cpp">
      <Filter>Engine\Runtime\Resource</Filter>
    </ClCompile>
    <ClCompile Include="Source\Runtime\Resource\TexUtil.cpp">
      <Filter>Engine\Runtime\Resource</Filter>
    </ClCompile>
    <ClCompile Include="Source\Editor\main.cpp">
      <Filter>Engine</Filter>
    </ClCompile>
    <ClCompile Include="Source\Runtime\Resource\Animation.cpp">
      <Filter>Engine\Runtime\Resource</Filter>
    </ClCompile>
    <ClCompile Include="Source\Runtime\Resource\Model.cpp">
      <Filter>Engine\Runtime\Resource</Filter>
    </ClCompile>
    <ClCompile Include="Source\Runtime\Function\Sprite\Sprite.cpp">
      <Filter>Engine\Runtime\Resource</Filter>
    </ClCompile>
    <ClCompile Include="Source\Runtime\Function\Sprite\SpriteCommon.cpp">
      <Filter>Engine\Runtime\Resource</Filter>
    </ClCompile>
    <ClCompile Include="Source\Runtime\Function\Camera\CameraBase.cpp">
      <Filter>Engine\Runtime\Function\Camera</Filter>
    </ClCompile>
    <ClCompile Include="Source\Runtime\Core\Math\BoundingSphere.cpp">
      <Filter>Engine\Runtime\Core\Math</Filter>
    </ClCompile>
    <ClCompile Include="Source\Runtime\Core\Math\Frustum.cpp">
      <Filter>Engine\Runtime\Core\Math</Filter>
    </ClCompile>
    <ClCompile Include="Source\Runtime\Function\Camera\CameraController.cpp">
      <Filter>Engine\Runtime\Function\Camera</Filter>
    </ClCompile>
    <ClCompile Include="Source\Runtime\Platform\DirectX12\Buffer\BufferManager.cpp">
      <Filter>Engine\Runtime\Platform\DirectX12\Buffer</Filter>
    </ClCompile>
    <ClCompile Include="Source\Runtime\Platform\DirectX12\Buffer\ColorBuffer.cpp">
      <Filter>Engine\Runtime\Platform\DirectX12\Buffer</Filter>
    </ClCompile>
    <ClCompile Include="Source\Runtime\Platform\DirectX12\Core\CommandAllocatorPool.cpp">
      <Filter>Engine\Runtime\Platform\DirectX12\Core</Filter>
    </ClCompile>
    <ClCompile Include="Source\Runtime\Platform\DirectX12\Context\CommandContext.cpp">
      <Filter>Engine\Runtime\Platform\DirectX12\Core</Filter>
    </ClCompile>
    <ClCompile Include="Source\Runtime\Platform\DirectX12\Core\CommandListManager.cpp">
      <Filter>Engine\Runtime\Platform\DirectX12\Core</Filter>
    </ClCompile>
    <ClCompile Include="Source\Runtime\Platform\DirectX12\Core\CommandSignature.cpp">
      <Filter>Engine\Runtime\Platform\DirectX12\Core</Filter>
    </ClCompile>
    <ClCompile Include="Source\Runtime\Platform\DirectX12\Context\ComputeContext.cpp">
      <Filter>Engine\Runtime\Platform\DirectX12\Core</Filter>
    </ClCompile>
    <ClCompile Include="Source\Runtime\Platform\DirectX12\Buffer\DepthBuffer.cpp">
      <Filter>Engine\Runtime\Platform\DirectX12\Buffer</Filter>
    </ClCompile>
    <ClCompile Include="Source\Runtime\Platform\DirectX12\Core\DescriptorAllocator.cpp">
      <Filter>Engine\Runtime\Platform\DirectX12\Core</Filter>
    </ClCompile>
    <ClCompile Include="Source\Runtime\Platform\DirectX12\Core\DescriptorHeap.cpp">
      <Filter>Engine\Runtime\Platform\DirectX12\Core</Filter>
    </ClCompile>
    <ClCompile Include="Source\Runtime\Platform\DirectX12\Core\DirectX12Core.cpp">
      <Filter>Engine\Runtime\Platform\DirectX12\Core</Filter>
    </ClCompile>
    <ClCompile Include="Source\Runtime\Platform\DirectX12\Core\DynamicDescriptorHeap.cpp">
      <Filter>Engine\Runtime\Platform\DirectX12\Core</Filter>
    </ClCompile>
    <ClCompile Include="Source\Runtime\Platform\DirectX12\Buffer\GpuBuffer.cpp">
      <Filter>Engine\Runtime\Platform\DirectX12\Buffer</Filter>
    </ClCompile>
    <ClCompile Include="Source\Runtime\Platform\DirectX12\Core\GraphicsCommon.cpp">
      <Filter>Engine\Runtime\Platform\DirectX12\Core</Filter>
    </ClCompile>
    <ClCompile Include="Source\Runtime\Platform\DirectX12\Context\GraphicsContext.cpp">
      <Filter>Engine\Runtime\Platform\DirectX12\Core</Filter>
    </ClCompile>
    <ClCompile Include="Source\Runtime\Platform\DirectX12\Core\LinearAllocator.cpp">
      <Filter>Engine\Runtime\Platform\DirectX12\Core</Filter>
    </ClCompile>
    <ClCompile Include="Source\Runtime\Platform\DirectX12\Pipline\PiplineState.cpp">
      <Filter>Engine\Runtime\Platform\DirectX12\Core</Filter>
    </ClCompile>
    <ClCompile Include="Source\Runtime\Platform\DirectX12\Core\SamplerManager.cpp">
      <Filter>Engine\Runtime\Platform\DirectX12\Core</Filter>
    </ClCompile>
    <ClCompile Include="Source\Runtime\Platform\DirectX12\Pipline\RootSignature.cpp">
      <Filter>Engine\Runtime\Platform\DirectX12\Core</Filter>
    </ClCompile>
    <ClCompile Include="Source\Runtime\Platform\DirectX12\Shader\ShaderCompiler.cpp">
      <Filter>Engine\Runtime\Platform\DirectX12\Core</Filter>
    </ClCompile>
    <ClCompile Include="Source\Runtime\Function\Render\RenderSystem.cpp">
      <Filter>Engine\Runtime\Platform\DirectX12\Core</Filter>
    </ClCompile>
    <ClCompile Include="Source\Runtime\Platform\DirectX12\Buffer\PixelBuffer.cpp">
      <Filter>Engine\Runtime\Platform\DirectX12\Buffer</Filter>
    </ClCompile>
    <ClCompile Include="Source\Runtime\Platform\DirectX12\Buffer\ReadbackBuffer.cpp">
      <Filter>Engine\Runtime\Platform\DirectX12\Buffer</Filter>
    </ClCompile>
    <ClCompile Include="Source\Runtime\Platform\DirectX12\Buffer\ShadowBuffer.cpp">
      <Filter>Engine\Runtime\Platform\DirectX12\Buffer</Filter>
    </ClCompile>
    <ClCompile Include="Source\Runtime\Platform\DirectX12\Buffer\UploadBuffer.cpp">
      <Filter>Engine\Runtime\Platform\DirectX12\Buffer</Filter>
    </ClCompile>
    <ClCompile Include="Source\Runtime\Application\GameApp.cpp">
      <Filter>Engine\Runtime\Application</Filter>
    </ClCompile>
    <ClCompile Include="Source\Runtime\Function\Framework\ECS\World.cpp">
      <Filter>Engine\Runtime\Function\Framework\ECS</Filter>
    </ClCompile>
    <ClCompile Include="Source\Runtime\Function\Framework\ECS\GameObject.cpp">
      <Filter>Engine\Runtime\Function\Framework\ECS</Filter>
    </ClCompile>
    <ClCompile Include="Source\Game\Game.cpp">
      <Filter>Game</Filter>
    </ClCompile>
    <ClCompile Include="Source\Runtime\Function\Render\RenderQueue.cpp">
      <Filter>Engine\Runtime\Function\Render</Filter>
    </ClCompile>
    <ClCompile Include="Source\Runtime\Function\Render\RenderPasses\RenderPassManager.cpp">
      <Filter>Engine\Runtime\Function\Render\RenderPasses</Filter>
    </ClCompile>
    <ClCompile Include="Source\Runtime\Function\Framework\Component\AnimatorComponent.cpp">
      <Filter>Engine\Runtime\Function\Framework\Component</Filter>
    </ClCompile>
    <ClCompile Include="Source\Runtime\Resource\AssetManager.cpp">
      <Filter>Engine\Runtime\Resource</Filter>
    </ClCompile>
    <ClCompile Include="Source\Runtime\Function\Light\LightManager.cpp">
      <Filter>Engine\Runtime\Resource</Filter>
    </ClCompile>
    <ClCompile Include="Source\Runtime\Resource\ModelLoader.cpp">
      <Filter>Engine\Runtime\Resource</Filter>
    </ClCompile>
    <ClCompile Include="Source\Runtime\Resource\Skeleton.cpp">
      <Filter>Engine\Runtime\Resource</Filter>
    </ClCompile>
    <ClCompile Include="Source\Editor\ImGuiCommon.cpp" />
    <ClCompile Include="Source\Runtime\Function\Camera\DebugCamera.cpp" />
    <ClCompile Include="Source\Runtime\Function\Framework\ECS\GUID.cpp" />
    <ClCompile Include="Source\Runtime\Function\Framework\Component\MeshComponent.cpp" />
    <ClCompile Include="Source\Runtime\Function\Render\SkyboxRenderer.cpp" />
    <ClCompile Include="Source\Runtime\Function\Camera\ShadowCamera.cpp" />
    <ClCompile Include="Source\Runtime\Function\Render\RenderPasses\ForwardRenderingPass.cpp" />
  </ItemGroup>
  <ItemGroup>
    <Filter Include="Engine">
      <UniqueIdentifier>{d414d8a5-6337-434d-9705-88ffd7e0921a}</UniqueIdentifier>
    </Filter>
    <Filter Include="Editor">
      <UniqueIdentifier>{7254812e-351e-4a5e-b172-4a323c88336c}</UniqueIdentifier>
    </Filter>
    <Filter Include="Engine\Runtime">
      <UniqueIdentifier>{18fa0d59-b40e-4d47-a98e-bc3ee874247b}</UniqueIdentifier>
    </Filter>
    <Filter Include="Engine\Runtime\Platform">
      <UniqueIdentifier>{6855602d-91cd-4cb2-9cf4-d23966a65b14}</UniqueIdentifier>
    </Filter>
    <Filter Include="Engine\Runtime\Platform\DirectX12">
      <UniqueIdentifier>{61d67fae-60aa-400f-a056-cd21f3277f66}</UniqueIdentifier>
    </Filter>
    <Filter Include="Engine\Runtime\Resource">
      <UniqueIdentifier>{dde2c041-ebc7-4b42-820d-37cb5c552449}</UniqueIdentifier>
    </Filter>
    <Filter Include="Engine\Runtime\Function">
      <UniqueIdentifier>{e5a82c2e-9b50-4f7d-b951-6fd5fe90286c}</UniqueIdentifier>
    </Filter>
    <Filter Include="Engine\Runtime\Function\Input">
      <UniqueIdentifier>{1e6a9566-9357-4f57-b7c9-46ee38469966}</UniqueIdentifier>
    </Filter>
    <Filter Include="Engine\Runtime\Function\Render">
      <UniqueIdentifier>{5f7449f4-7203-4827-b850-1be47c0d4e90}</UniqueIdentifier>
    </Filter>
    <Filter Include="Engine\Runtime\Function\Global">
      <UniqueIdentifier>{332201d9-971f-4698-9f9a-154eb8f1e647}</UniqueIdentifier>
    </Filter>
    <Filter Include="Engine\Runtime\Core">
      <UniqueIdentifier>{f99e1fe0-72a8-422b-910e-1cb9d9b07175}</UniqueIdentifier>
    </Filter>
    <Filter Include="Engine\Runtime\Core\Math">
      <UniqueIdentifier>{432f705b-dc8d-46c9-9921-c2bf69c4f016}</UniqueIdentifier>
    </Filter>
    <Filter Include="Engine\Runtime\Core\Color">
      <UniqueIdentifier>{ae8d28a2-0a3c-45fd-b470-aff705d31463}</UniqueIdentifier>
    </Filter>
    <Filter Include="Engine\Runtime\Core\Utility">
      <UniqueIdentifier>{517c32b4-798b-41ac-bd2a-e89262ef236b}</UniqueIdentifier>
    </Filter>
    <Filter Include="Engine\Runtime\Core\Log">
      <UniqueIdentifier>{0b6ee8b7-4c3b-4098-83a3-1fbf740387be}</UniqueIdentifier>
    </Filter>
    <Filter Include="External">
      <UniqueIdentifier>{0c9464bd-5a35-4939-b803-41027f4d3775}</UniqueIdentifier>
    </Filter>
    <Filter Include="External\imgui">
      <UniqueIdentifier>{273b382e-72e5-4dd9-b81c-86b5ec5b5d25}</UniqueIdentifier>
    </Filter>
    <Filter Include="Shader">
      <UniqueIdentifier>{f0e7771a-8cfb-41c1-883a-affe7a9bacb8}</UniqueIdentifier>
    </Filter>
    <Filter Include="Engine\Runtime\Function\Physics">
      <UniqueIdentifier>{87c6a47d-4ffa-4b1c-b37c-3e1fe49cb9f3}</UniqueIdentifier>
    </Filter>
    <Filter Include="Engine\Runtime\Function\Camera">
      <UniqueIdentifier>{136281cb-8e20-49ea-b26b-e5fc445493be}</UniqueIdentifier>
    </Filter>
    <Filter Include="Engine\Runtime\Platform\DirectX12\Buffer">
      <UniqueIdentifier>{bfb3cc24-2e48-4696-8711-a7d69e83ef38}</UniqueIdentifier>
    </Filter>
    <Filter Include="Engine\Runtime\Platform\DirectX12\Core">
      <UniqueIdentifier>{d3e827d2-efd8-4333-b94a-47849a7c3b05}</UniqueIdentifier>
    </Filter>
    <Filter Include="Game">
      <UniqueIdentifier>{75a96ea4-fa8d-4f7d-94e6-3971d22e6ae8}</UniqueIdentifier>
    </Filter>
    <Filter Include="Engine\Runtime\Application">
      <UniqueIdentifier>{4ff8fa58-1a30-4c7f-ab6d-885ab2ffa61d}</UniqueIdentifier>
    </Filter>
    <Filter Include="Engine\Runtime\Function\Framework">
      <UniqueIdentifier>{6758b6d7-c049-44ca-b920-bd5b72d262a5}</UniqueIdentifier>
    </Filter>
    <Filter Include="Engine\Runtime\Function\Framework\Component">
      <UniqueIdentifier>{34915fc5-85c2-4b6a-b778-92389c32103a}</UniqueIdentifier>
    </Filter>
    <Filter Include="Engine\Runtime\Function\Framework\ECS">
      <UniqueIdentifier>{a8f1aef5-af47-4a94-9edb-0236ea9096ae}</UniqueIdentifier>
    </Filter>
    <Filter Include="Engine\Runtime\Function\Render\RenderPasses">
      <UniqueIdentifier>{bd721c33-f474-44b3-840c-3a7326ccb71a}</UniqueIdentifier>
    </Filter>
  </ItemGroup>
  <ItemGroup>
    <FxCompile Include="Asset\Shaders\FullScreenQuad.hlsl">
      <Filter>Shader</Filter>
    </FxCompile>
    <FxCompile Include="Asset\Shaders\PresentPS.hlsl">
      <Filter>Shader</Filter>
    </FxCompile>
    <FxCompile Include="Asset\Shaders\SharpeningUpsamplePS.hlsl">
      <Filter>Shader</Filter>
    </FxCompile>
    <FxCompile Include="Asset\Shaders\Object3D.PS.hlsl">
      <Filter>Shader</Filter>
    </FxCompile>
    <FxCompile Include="Asset\Shaders\Object3D.VS.hlsl">
      <Filter>Shader</Filter>
    </FxCompile>
    <FxCompile Include="Asset\Shaders\SkyboxPS.hlsl">
      <Filter>Shader</Filter>
    </FxCompile>
    <FxCompile Include="Asset\Shaders\SkyboxVS.hlsl">
      <Filter>Shader</Filter>
    </FxCompile>
    <FxCompile Include="Asset\Shaders\DepthOnlyVS.hlsl">
      <Filter>Shader</Filter>
    </FxCompile>
    <FxCompile Include="Asset\Shaders\DepthOnlySkinVS.hlsl">
      <Filter>Shader</Filter>
    </FxCompile>
    <FxCompile Include="Asset\Shaders\testShader.hlsl">
      <Filter>Shader</Filter>
    </FxCompile>
    <FxCompile Include="Asset\Shaders\Object3DSkinned.VS.hlsl" />
    <FxCompile Include="Asset\Shaders\Object3DMR.PS.hlsl" />
    <FxCompile Include="Asset\Shaders\Light\FillLightGridCS_8.hlsl" />
    <FxCompile Include="Asset\Shaders\Light\FillLightGridCS_16.hlsl" />
    <FxCompile Include="Asset\Shaders\Light\FillLightGridCS_24.hlsl" />
    <FxCompile Include="Asset\Shaders\Light\FillLightGridCS_32.hlsl" />
    <FxCompile Include="Asset\Shaders\DepthViewVS.hlsl" />
    <FxCompile Include="Asset\Shaders\DepthViewPS.hlsl" />
    <FxCompile Include="Asset\Shaders\IblBrdf.hlsl" />
  </ItemGroup>
  <ItemGroup>
    <None Include="Asset\Shaders\Unility.hlsli">
      <Filter>Shader</Filter>
    </None>
    <None Include="Source\Runtime\Function\Framework\ECS\GameObject.inl">
      <Filter>Engine\Runtime\Function\Framework\ECS</Filter>
    </None>
    <None Include="Asset\Shaders\Common.hlsli">
      <Filter>Shader</Filter>
    </None>
    <None Include="Asset\Shaders\Object3D.hlsli">
      <Filter>Shader</Filter>
    </None>
    <None Include="Asset\Shaders\Light\FillLightGridCS.hlsli" />
    <None Include="Asset\Shaders\Light\LightGrid.hlsli" />
    <None Include="Asset\Shaders\Light\Lighting.hlsli" />
  </ItemGroup>
</Project>